// !$*UTF8*$!
{
	archiveVersion = 1;
	classes = {
	};
	objectVersion = 56;
	objects = {

/* Begin PBXBuildFile section */
		5501C3892A68C57B009B86F6 /* NotificationService.swift in Sources */ = {isa = PBXBuildFile; fileRef = 5501C3882A68C57B009B86F6 /* NotificationService.swift */; };
		5501C38D2A68C57B009B86F6 /* OneSignalNotificationServiceExtension.appex in Embed Foundation Extensions */ = {isa = PBXBuildFile; fileRef = 5501C3862A68C57B009B86F6 /* OneSignalNotificationServiceExtension.appex */; settings = {ATTRIBUTES = (RemoveHeadersOnCopy, ); }; };
		5501C3942A68C5E5009B86F6 /* OneSignal in Frameworks */ = {isa = PBXBuildFile; productRef = 5501C3932A68C5E5009B86F6 /* OneSignal */; };
		5501C3962A68C5E5009B86F6 /* OneSignalExtension in Frameworks */ = {isa = PBXBuildFile; productRef = 5501C3952A68C5E5009B86F6 /* OneSignalExtension */; };
		5501C3992A68C5F6009B86F6 /* OneSignal in Frameworks */ = {isa = PBXBuildFile; productRef = 5501C3982A68C5F6009B86F6 /* OneSignal */; };
		550B0AB22A6DFA0C001BB700 /* FeaturedViewCell.swift in Sources */ = {isa = PBXBuildFile; fileRef = 550B0AB12A6DFA0C001BB700 /* FeaturedViewCell.swift */; };
		550B0AB52A6DFA3E001BB700 /* FeaturedViewController.swift in Sources */ = {isa = PBXBuildFile; fileRef = 550B0AB42A6DFA3E001BB700 /* FeaturedViewController.swift */; };
		550B0AB72A6DFB02001BB700 /* Featured.swift in Sources */ = {isa = PBXBuildFile; fileRef = 550B0AB62A6DFB02001BB700 /* Featured.swift */; };
		550B0ABB2A6E0378001BB700 /* FeaturedDetailViewController.swift in Sources */ = {isa = PBXBuildFile; fileRef = 550B0ABA2A6E0378001BB700 /* FeaturedDetailViewController.swift */; };
		5536EC102A6F44DB002A547B /* ContactViewController.swift in Sources */ = {isa = PBXBuildFile; fileRef = 5536EC0F2A6F44DB002A547B /* ContactViewController.swift */; };
		5558BE482A733D98006CB7BD /* PortraitViewCell.swift in Sources */ = {isa = PBXBuildFile; fileRef = 5558BE472A733D98006CB7BD /* PortraitViewCell.swift */; };
		5558BE4A2A733DB0006CB7BD /* PortraitViewController.swift in Sources */ = {isa = PBXBuildFile; fileRef = 5558BE492A733DB0006CB7BD /* PortraitViewController.swift */; };
		5558BE4C2A733E5D006CB7BD /* Portrait.swift in Sources */ = {isa = PBXBuildFile; fileRef = 5558BE4B2A733E5D006CB7BD /* Portrait.swift */; };
		5558BE4E2A733F78006CB7BD /* PortraitDetailViewController.swift in Sources */ = {isa = PBXBuildFile; fileRef = 5558BE4D2A733F78006CB7BD /* PortraitDetailViewController.swift */; };
		557B96782A59D9CC0032FDFD /* AppDelegate.swift in Sources */ = {isa = PBXBuildFile; fileRef = 557B96772A59D9CC0032FDFD /* AppDelegate.swift */; };
		557B967A2A59D9CC0032FDFD /* SceneDelegate.swift in Sources */ = {isa = PBXBuildFile; fileRef = 557B96792A59D9CC0032FDFD /* SceneDelegate.swift */; };
		557B967C2A59D9CC0032FDFD /* Home.swift in Sources */ = {isa = PBXBuildFile; fileRef = 557B967B2A59D9CC0032FDFD /* Home.swift */; };
		557B967F2A59D9CC0032FDFD /* Main.storyboard in Resources */ = {isa = PBXBuildFile; fileRef = 557B967D2A59D9CC0032FDFD /* Main.storyboard */; };
		557B96812A59D9CD0032FDFD /* Assets.xcassets in Resources */ = {isa = PBXBuildFile; fileRef = 557B96802A59D9CD0032FDFD /* Assets.xcassets */; };
		557B96842A59D9CD0032FDFD /* LaunchScreen.storyboard in Resources */ = {isa = PBXBuildFile; fileRef = 557B96822A59D9CD0032FDFD /* LaunchScreen.storyboard */; };
		557B968F2A59D9CD0032FDFD /* GP_AppTests.swift in Sources */ = {isa = PBXBuildFile; fileRef = 557B968E2A59D9CD0032FDFD /* GP_AppTests.swift */; };
		557B96992A59D9CD0032FDFD /* GP_AppUITests.swift in Sources */ = {isa = PBXBuildFile; fileRef = 557B96982A59D9CD0032FDFD /* GP_AppUITests.swift */; };
		557B969B2A59D9CD0032FDFD /* GP_AppUITestsLaunchTests.swift in Sources */ = {isa = PBXBuildFile; fileRef = 557B969A2A59D9CD0032FDFD /* GP_AppUITestsLaunchTests.swift */; };
		55DF165A2A7316D6000D7681 /* LandscapeViewCell.swift in Sources */ = {isa = PBXBuildFile; fileRef = 55DF16592A7316D6000D7681 /* LandscapeViewCell.swift */; };
		55DF165C2A7317FB000D7681 /* LandscapeViewController.swift in Sources */ = {isa = PBXBuildFile; fileRef = 55DF165B2A7317FB000D7681 /* LandscapeViewController.swift */; };
		55DF165E2A731973000D7681 /* LandscapeDetailViewController.swift in Sources */ = {isa = PBXBuildFile; fileRef = 55DF165D2A731973000D7681 /* LandscapeDetailViewController.swift */; };
		55DF16602A7319D4000D7681 /* Landscape.swift in Sources */ = {isa = PBXBuildFile; fileRef = 55DF165F2A7319D4000D7681 /* Landscape.swift */; };
		55F105802A72AB9700A64AD1 /* NewViewCell.swift in Sources */ = {isa = PBXBuildFile; fileRef = 55F1057F2A72AB9700A64AD1 /* NewViewCell.swift */; };
		55F105822A72ABC600A64AD1 /* NewViewController.swift in Sources */ = {isa = PBXBuildFile; fileRef = 55F105812A72ABC600A64AD1 /* NewViewController.swift */; };
		55F105842A72AC8A00A64AD1 /* New.swift in Sources */ = {isa = PBXBuildFile; fileRef = 55F105832A72AC8A00A64AD1 /* New.swift */; };
		55F105862A72AE2E00A64AD1 /* NewDetailViewController.swift in Sources */ = {isa = PBXBuildFile; fileRef = 55F105852A72AE2E00A64AD1 /* NewDetailViewController.swift */; };
/* End PBXBuildFile section */

/* Begin PBXContainerItemProxy section */
		5501C38B2A68C57B009B86F6 /* PBXContainerItemProxy */ = {
			isa = PBXContainerItemProxy;
			containerPortal = 557B966C2A59D9CC0032FDFD /* Project object */;
			proxyType = 1;
			remoteGlobalIDString = 5501C3852A68C57B009B86F6;
			remoteInfo = OneSignalNotificationServiceExtension;
		};
		557B968B2A59D9CD0032FDFD /* PBXContainerItemProxy */ = {
			isa = PBXContainerItemProxy;
			containerPortal = 557B966C2A59D9CC0032FDFD /* Project object */;
			proxyType = 1;
			remoteGlobalIDString = 557B96732A59D9CC0032FDFD;
			remoteInfo = "GP App";
		};
		557B96952A59D9CD0032FDFD /* PBXContainerItemProxy */ = {
			isa = PBXContainerItemProxy;
			containerPortal = 557B966C2A59D9CC0032FDFD /* Project object */;
			proxyType = 1;
			remoteGlobalIDString = 557B96732A59D9CC0032FDFD;
			remoteInfo = "GP App";
		};
/* End PBXContainerItemProxy section */

/* Begin PBXCopyFilesBuildPhase section */
		5501C3912A68C57B009B86F6 /* Embed Foundation Extensions */ = {
			isa = PBXCopyFilesBuildPhase;
			buildActionMask = 2147483647;
			dstPath = "";
			dstSubfolderSpec = 13;
			files = (
				5501C38D2A68C57B009B86F6 /* OneSignalNotificationServiceExtension.appex in Embed Foundation Extensions */,
			);
			name = "Embed Foundation Extensions";
			runOnlyForDeploymentPostprocessing = 0;
		};
/* End PBXCopyFilesBuildPhase section */

/* Begin PBXFileReference section */
		5501C3812A68C54A009B86F6 /* GP App.entitlements */ = {isa = PBXFileReference; lastKnownFileType = text.plist.entitlements; path = "GP App.entitlements"; sourceTree = "<group>"; };
		5501C3862A68C57B009B86F6 /* OneSignalNotificationServiceExtension.appex */ = {isa = PBXFileReference; explicitFileType = "wrapper.app-extension"; includeInIndex = 0; path = OneSignalNotificationServiceExtension.appex; sourceTree = BUILT_PRODUCTS_DIR; };
		5501C3882A68C57B009B86F6 /* NotificationService.swift */ = {isa = PBXFileReference; lastKnownFileType = sourcecode.swift; path = NotificationService.swift; sourceTree = "<group>"; };
		5501C38A2A68C57B009B86F6 /* Info.plist */ = {isa = PBXFileReference; lastKnownFileType = text.plist.xml; path = Info.plist; sourceTree = "<group>"; };
		5501C39A2A68C63C009B86F6 /* OneSignalNotificationServiceExtension.entitlements */ = {isa = PBXFileReference; lastKnownFileType = text.plist.entitlements; path = OneSignalNotificationServiceExtension.entitlements; sourceTree = "<group>"; };
		550B0AB12A6DFA0C001BB700 /* FeaturedViewCell.swift */ = {isa = PBXFileReference; lastKnownFileType = sourcecode.swift; path = FeaturedViewCell.swift; sourceTree = "<group>"; };
		550B0AB42A6DFA3E001BB700 /* FeaturedViewController.swift */ = {isa = PBXFileReference; lastKnownFileType = sourcecode.swift; path = FeaturedViewController.swift; sourceTree = "<group>"; };
		550B0AB62A6DFB02001BB700 /* Featured.swift */ = {isa = PBXFileReference; lastKnownFileType = sourcecode.swift; path = Featured.swift; sourceTree = "<group>"; };
		550B0ABA2A6E0378001BB700 /* FeaturedDetailViewController.swift */ = {isa = PBXFileReference; lastKnownFileType = sourcecode.swift; path = FeaturedDetailViewController.swift; sourceTree = "<group>"; };
		5536EC0F2A6F44DB002A547B /* ContactViewController.swift */ = {isa = PBXFileReference; lastKnownFileType = sourcecode.swift; path = ContactViewController.swift; sourceTree = "<group>"; };
		5558BE472A733D98006CB7BD /* PortraitViewCell.swift */ = {isa = PBXFileReference; lastKnownFileType = sourcecode.swift; path = PortraitViewCell.swift; sourceTree = "<group>"; };
		5558BE492A733DB0006CB7BD /* PortraitViewController.swift */ = {isa = PBXFileReference; lastKnownFileType = sourcecode.swift; path = PortraitViewController.swift; sourceTree = "<group>"; };
		5558BE4B2A733E5D006CB7BD /* Portrait.swift */ = {isa = PBXFileReference; lastKnownFileType = sourcecode.swift; path = Portrait.swift; sourceTree = "<group>"; };
		5558BE4D2A733F78006CB7BD /* PortraitDetailViewController.swift */ = {isa = PBXFileReference; lastKnownFileType = sourcecode.swift; path = PortraitDetailViewController.swift; sourceTree = "<group>"; };
		557B96742A59D9CC0032FDFD /* GP App.app */ = {isa = PBXFileReference; explicitFileType = wrapper.application; includeInIndex = 0; path = "GP App.app"; sourceTree = BUILT_PRODUCTS_DIR; };
		557B96772A59D9CC0032FDFD /* AppDelegate.swift */ = {isa = PBXFileReference; lastKnownFileType = sourcecode.swift; path = AppDelegate.swift; sourceTree = "<group>"; };
		557B96792A59D9CC0032FDFD /* SceneDelegate.swift */ = {isa = PBXFileReference; lastKnownFileType = sourcecode.swift; path = SceneDelegate.swift; sourceTree = "<group>"; };
		557B967B2A59D9CC0032FDFD /* Home.swift */ = {isa = PBXFileReference; lastKnownFileType = sourcecode.swift; path = Home.swift; sourceTree = "<group>"; };
		557B967E2A59D9CC0032FDFD /* Base */ = {isa = PBXFileReference; lastKnownFileType = file.storyboard; name = Base; path = Base.lproj/Main.storyboard; sourceTree = "<group>"; };
		557B96802A59D9CD0032FDFD /* Assets.xcassets */ = {isa = PBXFileReference; lastKnownFileType = folder.assetcatalog; path = Assets.xcassets; sourceTree = "<group>"; };
		557B96832A59D9CD0032FDFD /* Base */ = {isa = PBXFileReference; lastKnownFileType = file.storyboard; name = Base; path = Base.lproj/LaunchScreen.storyboard; sourceTree = "<group>"; };
		557B96852A59D9CD0032FDFD /* Info.plist */ = {isa = PBXFileReference; lastKnownFileType = text.plist.xml; path = Info.plist; sourceTree = "<group>"; };
		557B968A2A59D9CD0032FDFD /* GP AppTests.xctest */ = {isa = PBXFileReference; explicitFileType = wrapper.cfbundle; includeInIndex = 0; path = "GP AppTests.xctest"; sourceTree = BUILT_PRODUCTS_DIR; };
		557B968E2A59D9CD0032FDFD /* GP_AppTests.swift */ = {isa = PBXFileReference; lastKnownFileType = sourcecode.swift; path = GP_AppTests.swift; sourceTree = "<group>"; };
		557B96942A59D9CD0032FDFD /* GP AppUITests.xctest */ = {isa = PBXFileReference; explicitFileType = wrapper.cfbundle; includeInIndex = 0; path = "GP AppUITests.xctest"; sourceTree = BUILT_PRODUCTS_DIR; };
		557B96982A59D9CD0032FDFD /* GP_AppUITests.swift */ = {isa = PBXFileReference; lastKnownFileType = sourcecode.swift; path = GP_AppUITests.swift; sourceTree = "<group>"; };
		557B969A2A59D9CD0032FDFD /* GP_AppUITestsLaunchTests.swift */ = {isa = PBXFileReference; lastKnownFileType = sourcecode.swift; path = GP_AppUITestsLaunchTests.swift; sourceTree = "<group>"; };
		55DF16592A7316D6000D7681 /* LandscapeViewCell.swift */ = {isa = PBXFileReference; lastKnownFileType = sourcecode.swift; path = LandscapeViewCell.swift; sourceTree = "<group>"; };
		55DF165B2A7317FB000D7681 /* LandscapeViewController.swift */ = {isa = PBXFileReference; lastKnownFileType = sourcecode.swift; path = LandscapeViewController.swift; sourceTree = "<group>"; };
		55DF165D2A731973000D7681 /* LandscapeDetailViewController.swift */ = {isa = PBXFileReference; lastKnownFileType = sourcecode.swift; path = LandscapeDetailViewController.swift; sourceTree = "<group>"; };
		55DF165F2A7319D4000D7681 /* Landscape.swift */ = {isa = PBXFileReference; lastKnownFileType = sourcecode.swift; path = Landscape.swift; sourceTree = "<group>"; };
		55F1057F2A72AB9700A64AD1 /* NewViewCell.swift */ = {isa = PBXFileReference; lastKnownFileType = sourcecode.swift; path = NewViewCell.swift; sourceTree = "<group>"; };
		55F105812A72ABC600A64AD1 /* NewViewController.swift */ = {isa = PBXFileReference; lastKnownFileType = sourcecode.swift; path = NewViewController.swift; sourceTree = "<group>"; };
		55F105832A72AC8A00A64AD1 /* New.swift */ = {isa = PBXFileReference; lastKnownFileType = sourcecode.swift; path = New.swift; sourceTree = "<group>"; };
		55F105852A72AE2E00A64AD1 /* NewDetailViewController.swift */ = {isa = PBXFileReference; lastKnownFileType = sourcecode.swift; path = NewDetailViewController.swift; sourceTree = "<group>"; };
/* End PBXFileReference section */

/* Begin PBXFrameworksBuildPhase section */
		5501C3832A68C57B009B86F6 /* Frameworks */ = {
			isa = PBXFrameworksBuildPhase;
			buildActionMask = 2147483647;
			files = (
				5501C3992A68C5F6009B86F6 /* OneSignal in Frameworks */,
			);
			runOnlyForDeploymentPostprocessing = 0;
		};
		557B96712A59D9CC0032FDFD /* Frameworks */ = {
			isa = PBXFrameworksBuildPhase;
			buildActionMask = 2147483647;
			files = (
				5501C3942A68C5E5009B86F6 /* OneSignal in Frameworks */,
				5501C3962A68C5E5009B86F6 /* OneSignalExtension in Frameworks */,
			);
			runOnlyForDeploymentPostprocessing = 0;
		};
		557B96872A59D9CD0032FDFD /* Frameworks */ = {
			isa = PBXFrameworksBuildPhase;
			buildActionMask = 2147483647;
			files = (
			);
			runOnlyForDeploymentPostprocessing = 0;
		};
		557B96912A59D9CD0032FDFD /* Frameworks */ = {
			isa = PBXFrameworksBuildPhase;
			buildActionMask = 2147483647;
			files = (
			);
			runOnlyForDeploymentPostprocessing = 0;
		};
/* End PBXFrameworksBuildPhase section */

/* Begin PBXGroup section */
		5501C3872A68C57B009B86F6 /* OneSignalNotificationServiceExtension */ = {
			isa = PBXGroup;
			children = (
				5501C39A2A68C63C009B86F6 /* OneSignalNotificationServiceExtension.entitlements */,
				5501C3882A68C57B009B86F6 /* NotificationService.swift */,
				5501C38A2A68C57B009B86F6 /* Info.plist */,
			);
			path = OneSignalNotificationServiceExtension;
			sourceTree = "<group>";
		};
		5501C3972A68C5F5009B86F6 /* Frameworks */ = {
			isa = PBXGroup;
			children = (
			);
			name = Frameworks;
			sourceTree = "<group>";
		};
		550B0AB32A6DFA1B001BB700 /* Featured */ = {
			isa = PBXGroup;
			children = (
				550B0AB12A6DFA0C001BB700 /* FeaturedViewCell.swift */,
				550B0AB42A6DFA3E001BB700 /* FeaturedViewController.swift */,
				550B0AB62A6DFB02001BB700 /* Featured.swift */,
				550B0ABA2A6E0378001BB700 /* FeaturedDetailViewController.swift */,
			);
			path = Featured;
			sourceTree = "<group>";
		};
		552FCF2C2A71429100B13206 /* Contact */ = {
			isa = PBXGroup;
			children = (
				5536EC0F2A6F44DB002A547B /* ContactViewController.swift */,
			);
			path = Contact;
			sourceTree = "<group>";
		};
		5558BE3A2A733617006CB7BD /* Portrait */ = {
			isa = PBXGroup;
			children = (
				5558BE472A733D98006CB7BD /* PortraitViewCell.swift */,
				5558BE492A733DB0006CB7BD /* PortraitViewController.swift */,
				5558BE4B2A733E5D006CB7BD /* Portrait.swift */,
				5558BE4D2A733F78006CB7BD /* PortraitDetailViewController.swift */,
			);
			path = Portrait;
			sourceTree = "<group>";
		};
		557B966B2A59D9CC0032FDFD = {
			isa = PBXGroup;
			children = (
				557B96762A59D9CC0032FDFD /* GP App */,
				557B968D2A59D9CD0032FDFD /* GP AppTests */,
				557B96972A59D9CD0032FDFD /* GP AppUITests */,
				5501C3872A68C57B009B86F6 /* OneSignalNotificationServiceExtension */,
				557B96752A59D9CC0032FDFD /* Products */,
				5501C3972A68C5F5009B86F6 /* Frameworks */,
			);
			sourceTree = "<group>";
		};
		557B96752A59D9CC0032FDFD /* Products */ = {
			isa = PBXGroup;
			children = (
				557B96742A59D9CC0032FDFD /* GP App.app */,
				557B968A2A59D9CD0032FDFD /* GP AppTests.xctest */,
				557B96942A59D9CD0032FDFD /* GP AppUITests.xctest */,
				5501C3862A68C57B009B86F6 /* OneSignalNotificationServiceExtension.appex */,
			);
			name = Products;
			sourceTree = "<group>";
		};
		557B96762A59D9CC0032FDFD /* GP App */ = {
			isa = PBXGroup;
			children = (
				55B582242A71E80700449C8A /* AppIcon */,
				552FCF2C2A71429100B13206 /* Contact */,
				5580E8552A6C016300072284 /* Portfolio */,
				5501C3812A68C54A009B86F6 /* GP App.entitlements */,
				557B96772A59D9CC0032FDFD /* AppDelegate.swift */,
				557B96792A59D9CC0032FDFD /* SceneDelegate.swift */,
				557B967B2A59D9CC0032FDFD /* Home.swift */,
				557B967D2A59D9CC0032FDFD /* Main.storyboard */,
				557B96822A59D9CD0032FDFD /* LaunchScreen.storyboard */,
				557B96802A59D9CD0032FDFD /* Assets.xcassets */,
				557B96852A59D9CD0032FDFD /* Info.plist */,
			);
			path = "GP App";
			sourceTree = "<group>";
		};
		557B968D2A59D9CD0032FDFD /* GP AppTests */ = {
			isa = PBXGroup;
			children = (
				557B968E2A59D9CD0032FDFD /* GP_AppTests.swift */,
			);
			path = "GP AppTests";
			sourceTree = "<group>";
		};
		557B96972A59D9CD0032FDFD /* GP AppUITests */ = {
			isa = PBXGroup;
			children = (
				557B96982A59D9CD0032FDFD /* GP_AppUITests.swift */,
				557B969A2A59D9CD0032FDFD /* GP_AppUITestsLaunchTests.swift */,
			);
			path = "GP AppUITests";
			sourceTree = "<group>";
		};
		5580E8552A6C016300072284 /* Portfolio */ = {
			isa = PBXGroup;
			children = (
				5558BE3A2A733617006CB7BD /* Portrait */,
				55DF16582A73168F000D7681 /* Landscape */,
				550B0AB32A6DFA1B001BB700 /* Featured */,
				55B5822A2A71F7BC00449C8A /* New */,
			);
			path = Portfolio;
			sourceTree = "<group>";
		};
		55B582242A71E80700449C8A /* AppIcon */ = {
			isa = PBXGroup;
			children = (
			);
			path = AppIcon;
			sourceTree = "<group>";
		};
		55B5822A2A71F7BC00449C8A /* New */ = {
			isa = PBXGroup;
			children = (
				55F1057F2A72AB9700A64AD1 /* NewViewCell.swift */,
				55F105812A72ABC600A64AD1 /* NewViewController.swift */,
				55F105832A72AC8A00A64AD1 /* New.swift */,
				55F105852A72AE2E00A64AD1 /* NewDetailViewController.swift */,
			);
			path = New;
			sourceTree = "<group>";
		};
		55DF16582A73168F000D7681 /* Landscape */ = {
			isa = PBXGroup;
			children = (
				55DF16592A7316D6000D7681 /* LandscapeViewCell.swift */,
				55DF165B2A7317FB000D7681 /* LandscapeViewController.swift */,
				55DF165D2A731973000D7681 /* LandscapeDetailViewController.swift */,
				55DF165F2A7319D4000D7681 /* Landscape.swift */,
			);
			path = Landscape;
			sourceTree = "<group>";
		};
/* End PBXGroup section */

/* Begin PBXNativeTarget section */
		5501C3852A68C57B009B86F6 /* OneSignalNotificationServiceExtension */ = {
			isa = PBXNativeTarget;
			buildConfigurationList = 5501C38E2A68C57B009B86F6 /* Build configuration list for PBXNativeTarget "OneSignalNotificationServiceExtension" */;
			buildPhases = (
				5501C3822A68C57B009B86F6 /* Sources */,
				5501C3832A68C57B009B86F6 /* Frameworks */,
				5501C3842A68C57B009B86F6 /* Resources */,
			);
			buildRules = (
			);
			dependencies = (
			);
			name = OneSignalNotificationServiceExtension;
			packageProductDependencies = (
				5501C3982A68C5F6009B86F6 /* OneSignal */,
			);
			productName = OneSignalNotificationServiceExtension;
			productReference = 5501C3862A68C57B009B86F6 /* OneSignalNotificationServiceExtension.appex */;
			productType = "com.apple.product-type.app-extension";
		};
		557B96732A59D9CC0032FDFD /* GP App */ = {
			isa = PBXNativeTarget;
			buildConfigurationList = 557B969E2A59D9CD0032FDFD /* Build configuration list for PBXNativeTarget "GP App" */;
			buildPhases = (
				557B96702A59D9CC0032FDFD /* Sources */,
				557B96712A59D9CC0032FDFD /* Frameworks */,
				557B96722A59D9CC0032FDFD /* Resources */,
				5501C3912A68C57B009B86F6 /* Embed Foundation Extensions */,
			);
			buildRules = (
			);
			dependencies = (
				5501C38C2A68C57B009B86F6 /* PBXTargetDependency */,
			);
			name = "GP App";
			packageProductDependencies = (
				5501C3932A68C5E5009B86F6 /* OneSignal */,
				5501C3952A68C5E5009B86F6 /* OneSignalExtension */,
			);
			productName = "GP App";
			productReference = 557B96742A59D9CC0032FDFD /* GP App.app */;
			productType = "com.apple.product-type.application";
		};
		557B96892A59D9CD0032FDFD /* GP AppTests */ = {
			isa = PBXNativeTarget;
			buildConfigurationList = 557B96A12A59D9CD0032FDFD /* Build configuration list for PBXNativeTarget "GP AppTests" */;
			buildPhases = (
				557B96862A59D9CD0032FDFD /* Sources */,
				557B96872A59D9CD0032FDFD /* Frameworks */,
				557B96882A59D9CD0032FDFD /* Resources */,
			);
			buildRules = (
			);
			dependencies = (
				557B968C2A59D9CD0032FDFD /* PBXTargetDependency */,
			);
			name = "GP AppTests";
			productName = "GP AppTests";
			productReference = 557B968A2A59D9CD0032FDFD /* GP AppTests.xctest */;
			productType = "com.apple.product-type.bundle.unit-test";
		};
		557B96932A59D9CD0032FDFD /* GP AppUITests */ = {
			isa = PBXNativeTarget;
			buildConfigurationList = 557B96A42A59D9CD0032FDFD /* Build configuration list for PBXNativeTarget "GP AppUITests" */;
			buildPhases = (
				557B96902A59D9CD0032FDFD /* Sources */,
				557B96912A59D9CD0032FDFD /* Frameworks */,
				557B96922A59D9CD0032FDFD /* Resources */,
			);
			buildRules = (
			);
			dependencies = (
				557B96962A59D9CD0032FDFD /* PBXTargetDependency */,
			);
			name = "GP AppUITests";
			productName = "GP AppUITests";
			productReference = 557B96942A59D9CD0032FDFD /* GP AppUITests.xctest */;
			productType = "com.apple.product-type.bundle.ui-testing";
		};
/* End PBXNativeTarget section */

/* Begin PBXProject section */
		557B966C2A59D9CC0032FDFD /* Project object */ = {
			isa = PBXProject;
			attributes = {
				BuildIndependentTargetsInParallel = 1;
				LastSwiftUpdateCheck = 1430;
				LastUpgradeCheck = 1430;
				TargetAttributes = {
					5501C3852A68C57B009B86F6 = {
						CreatedOnToolsVersion = 14.3.1;
					};
					557B96732A59D9CC0032FDFD = {
						CreatedOnToolsVersion = 14.3.1;
					};
					557B96892A59D9CD0032FDFD = {
						CreatedOnToolsVersion = 14.3.1;
						TestTargetID = 557B96732A59D9CC0032FDFD;
					};
					557B96932A59D9CD0032FDFD = {
						CreatedOnToolsVersion = 14.3.1;
						TestTargetID = 557B96732A59D9CC0032FDFD;
					};
				};
			};
			buildConfigurationList = 557B966F2A59D9CC0032FDFD /* Build configuration list for PBXProject "GP App" */;
			compatibilityVersion = "Xcode 14.0";
			developmentRegion = en;
			hasScannedForEncodings = 0;
			knownRegions = (
				en,
				Base,
			);
			mainGroup = 557B966B2A59D9CC0032FDFD;
			packageReferences = (
				5501C3922A68C5E5009B86F6 /* XCRemoteSwiftPackageReference "OneSignal-XCFramework" */,
			);
			productRefGroup = 557B96752A59D9CC0032FDFD /* Products */;
			projectDirPath = "";
			projectRoot = "";
			targets = (
				557B96732A59D9CC0032FDFD /* GP App */,
				557B96892A59D9CD0032FDFD /* GP AppTests */,
				557B96932A59D9CD0032FDFD /* GP AppUITests */,
				5501C3852A68C57B009B86F6 /* OneSignalNotificationServiceExtension */,
			);
		};
/* End PBXProject section */

/* Begin PBXResourcesBuildPhase section */
		5501C3842A68C57B009B86F6 /* Resources */ = {
			isa = PBXResourcesBuildPhase;
			buildActionMask = 2147483647;
			files = (
			);
			runOnlyForDeploymentPostprocessing = 0;
		};
		557B96722A59D9CC0032FDFD /* Resources */ = {
			isa = PBXResourcesBuildPhase;
			buildActionMask = 2147483647;
			files = (
				557B96842A59D9CD0032FDFD /* LaunchScreen.storyboard in Resources */,
				557B96812A59D9CD0032FDFD /* Assets.xcassets in Resources */,
				557B967F2A59D9CC0032FDFD /* Main.storyboard in Resources */,
			);
			runOnlyForDeploymentPostprocessing = 0;
		};
		557B96882A59D9CD0032FDFD /* Resources */ = {
			isa = PBXResourcesBuildPhase;
			buildActionMask = 2147483647;
			files = (
			);
			runOnlyForDeploymentPostprocessing = 0;
		};
		557B96922A59D9CD0032FDFD /* Resources */ = {
			isa = PBXResourcesBuildPhase;
			buildActionMask = 2147483647;
			files = (
			);
			runOnlyForDeploymentPostprocessing = 0;
		};
/* End PBXResourcesBuildPhase section */

/* Begin PBXSourcesBuildPhase section */
		5501C3822A68C57B009B86F6 /* Sources */ = {
			isa = PBXSourcesBuildPhase;
			buildActionMask = 2147483647;
			files = (
				5501C3892A68C57B009B86F6 /* NotificationService.swift in Sources */,
			);
			runOnlyForDeploymentPostprocessing = 0;
		};
		557B96702A59D9CC0032FDFD /* Sources */ = {
			isa = PBXSourcesBuildPhase;
			buildActionMask = 2147483647;
			files = (
				550B0ABB2A6E0378001BB700 /* FeaturedDetailViewController.swift in Sources */,
				5558BE4A2A733DB0006CB7BD /* PortraitViewController.swift in Sources */,
				5558BE4C2A733E5D006CB7BD /* Portrait.swift in Sources */,
				5536EC102A6F44DB002A547B /* ContactViewController.swift in Sources */,
				5558BE482A733D98006CB7BD /* PortraitViewCell.swift in Sources */,
				557B967C2A59D9CC0032FDFD /* Home.swift in Sources */,
				550B0AB52A6DFA3E001BB700 /* FeaturedViewController.swift in Sources */,
				55F105862A72AE2E00A64AD1 /* NewDetailViewController.swift in Sources */,
				55DF16602A7319D4000D7681 /* Landscape.swift in Sources */,
				55DF165A2A7316D6000D7681 /* LandscapeViewCell.swift in Sources */,
				557B96782A59D9CC0032FDFD /* AppDelegate.swift in Sources */,
				55F105842A72AC8A00A64AD1 /* New.swift in Sources */,
				550B0AB22A6DFA0C001BB700 /* FeaturedViewCell.swift in Sources */,
				557B967A2A59D9CC0032FDFD /* SceneDelegate.swift in Sources */,
				55DF165C2A7317FB000D7681 /* LandscapeViewController.swift in Sources */,
				55F105822A72ABC600A64AD1 /* NewViewController.swift in Sources */,
				5558BE4E2A733F78006CB7BD /* PortraitDetailViewController.swift in Sources */,
				55F105802A72AB9700A64AD1 /* NewViewCell.swift in Sources */,
				55DF165E2A731973000D7681 /* LandscapeDetailViewController.swift in Sources */,
				550B0AB72A6DFB02001BB700 /* Featured.swift in Sources */,
			);
			runOnlyForDeploymentPostprocessing = 0;
		};
		557B96862A59D9CD0032FDFD /* Sources */ = {
			isa = PBXSourcesBuildPhase;
			buildActionMask = 2147483647;
			files = (
				557B968F2A59D9CD0032FDFD /* GP_AppTests.swift in Sources */,
			);
			runOnlyForDeploymentPostprocessing = 0;
		};
		557B96902A59D9CD0032FDFD /* Sources */ = {
			isa = PBXSourcesBuildPhase;
			buildActionMask = 2147483647;
			files = (
				557B96992A59D9CD0032FDFD /* GP_AppUITests.swift in Sources */,
				557B969B2A59D9CD0032FDFD /* GP_AppUITestsLaunchTests.swift in Sources */,
			);
			runOnlyForDeploymentPostprocessing = 0;
		};
/* End PBXSourcesBuildPhase section */

/* Begin PBXTargetDependency section */
		5501C38C2A68C57B009B86F6 /* PBXTargetDependency */ = {
			isa = PBXTargetDependency;
			target = 5501C3852A68C57B009B86F6 /* OneSignalNotificationServiceExtension */;
			targetProxy = 5501C38B2A68C57B009B86F6 /* PBXContainerItemProxy */;
		};
		557B968C2A59D9CD0032FDFD /* PBXTargetDependency */ = {
			isa = PBXTargetDependency;
			target = 557B96732A59D9CC0032FDFD /* GP App */;
			targetProxy = 557B968B2A59D9CD0032FDFD /* PBXContainerItemProxy */;
		};
		557B96962A59D9CD0032FDFD /* PBXTargetDependency */ = {
			isa = PBXTargetDependency;
			target = 557B96732A59D9CC0032FDFD /* GP App */;
			targetProxy = 557B96952A59D9CD0032FDFD /* PBXContainerItemProxy */;
		};
/* End PBXTargetDependency section */

/* Begin PBXVariantGroup section */
		557B967D2A59D9CC0032FDFD /* Main.storyboard */ = {
			isa = PBXVariantGroup;
			children = (
				557B967E2A59D9CC0032FDFD /* Base */,
			);
			name = Main.storyboard;
			sourceTree = "<group>";
		};
		557B96822A59D9CD0032FDFD /* LaunchScreen.storyboard */ = {
			isa = PBXVariantGroup;
			children = (
				557B96832A59D9CD0032FDFD /* Base */,
			);
			name = LaunchScreen.storyboard;
			sourceTree = "<group>";
		};
/* End PBXVariantGroup section */

/* Begin XCBuildConfiguration section */
		5501C38F2A68C57B009B86F6 /* Debug */ = {
			isa = XCBuildConfiguration;
			buildSettings = {
				CODE_SIGN_ENTITLEMENTS = OneSignalNotificationServiceExtension/OneSignalNotificationServiceExtension.entitlements;
				CODE_SIGN_STYLE = Automatic;
				CURRENT_PROJECT_VERSION = 22;
				DEVELOPMENT_TEAM = KMS556J2F8;
				GENERATE_INFOPLIST_FILE = YES;
				INFOPLIST_FILE = OneSignalNotificationServiceExtension/Info.plist;
				INFOPLIST_KEY_CFBundleDisplayName = OneSignalNotificationServiceExtension;
				INFOPLIST_KEY_NSHumanReadableCopyright = "";
				IPHONEOS_DEPLOYMENT_TARGET = 15.0;
				"IPHONEOS_DEPLOYMENT_TARGET[sdk=macosx*]" = 15.0;
				LD_RUNPATH_SEARCH_PATHS = (
					"$(inherited)",
					"@executable_path/Frameworks",
					"@executable_path/../../Frameworks",
				);
				MARKETING_VERSION = 1.4.3;
				PRODUCT_BUNDLE_IDENTIFIER = "be.ghentphotography.www.GP-App.OneSignalNotificationServiceExtension";
				PRODUCT_NAME = "$(TARGET_NAME)";
				SKIP_INSTALL = YES;
				SUPPORTS_MACCATALYST = YES;
				SWIFT_EMIT_LOC_STRINGS = YES;
				SWIFT_VERSION = 5.0;
				TARGETED_DEVICE_FAMILY = "1,2,6";
			};
			name = Debug;
		};
		5501C3902A68C57B009B86F6 /* Release */ = {
			isa = XCBuildConfiguration;
			buildSettings = {
				CODE_SIGN_ENTITLEMENTS = OneSignalNotificationServiceExtension/OneSignalNotificationServiceExtension.entitlements;
				CODE_SIGN_STYLE = Automatic;
				CURRENT_PROJECT_VERSION = 22;
				DEVELOPMENT_TEAM = KMS556J2F8;
				GENERATE_INFOPLIST_FILE = YES;
				INFOPLIST_FILE = OneSignalNotificationServiceExtension/Info.plist;
				INFOPLIST_KEY_CFBundleDisplayName = OneSignalNotificationServiceExtension;
				INFOPLIST_KEY_NSHumanReadableCopyright = "";
				IPHONEOS_DEPLOYMENT_TARGET = 15.0;
				"IPHONEOS_DEPLOYMENT_TARGET[sdk=macosx*]" = 15.0;
				LD_RUNPATH_SEARCH_PATHS = (
					"$(inherited)",
					"@executable_path/Frameworks",
					"@executable_path/../../Frameworks",
				);
				MARKETING_VERSION = 1.4.3;
				PRODUCT_BUNDLE_IDENTIFIER = "be.ghentphotography.www.GP-App.OneSignalNotificationServiceExtension";
				PRODUCT_NAME = "$(TARGET_NAME)";
				SKIP_INSTALL = YES;
				SUPPORTS_MACCATALYST = YES;
				SWIFT_EMIT_LOC_STRINGS = YES;
				SWIFT_VERSION = 5.0;
				TARGETED_DEVICE_FAMILY = "1,2,6";
			};
			name = Release;
		};
		557B969C2A59D9CD0032FDFD /* Debug */ = {
			isa = XCBuildConfiguration;
			buildSettings = {
				ALWAYS_SEARCH_USER_PATHS = NO;
				CLANG_ANALYZER_NONNULL = YES;
				CLANG_ANALYZER_NUMBER_OBJECT_CONVERSION = YES_AGGRESSIVE;
				CLANG_CXX_LANGUAGE_STANDARD = "gnu++20";
				CLANG_ENABLE_MODULES = YES;
				CLANG_ENABLE_OBJC_ARC = YES;
				CLANG_ENABLE_OBJC_WEAK = YES;
				CLANG_WARN_BLOCK_CAPTURE_AUTORELEASING = YES;
				CLANG_WARN_BOOL_CONVERSION = YES;
				CLANG_WARN_COMMA = YES;
				CLANG_WARN_CONSTANT_CONVERSION = YES;
				CLANG_WARN_DEPRECATED_OBJC_IMPLEMENTATIONS = YES;
				CLANG_WARN_DIRECT_OBJC_ISA_USAGE = YES_ERROR;
				CLANG_WARN_DOCUMENTATION_COMMENTS = YES;
				CLANG_WARN_EMPTY_BODY = YES;
				CLANG_WARN_ENUM_CONVERSION = YES;
				CLANG_WARN_INFINITE_RECURSION = YES;
				CLANG_WARN_INT_CONVERSION = YES;
				CLANG_WARN_NON_LITERAL_NULL_CONVERSION = YES;
				CLANG_WARN_OBJC_IMPLICIT_RETAIN_SELF = YES;
				CLANG_WARN_OBJC_LITERAL_CONVERSION = YES;
				CLANG_WARN_OBJC_ROOT_CLASS = YES_ERROR;
				CLANG_WARN_QUOTED_INCLUDE_IN_FRAMEWORK_HEADER = YES;
				CLANG_WARN_RANGE_LOOP_ANALYSIS = YES;
				CLANG_WARN_STRICT_PROTOTYPES = YES;
				CLANG_WARN_SUSPICIOUS_MOVE = YES;
				CLANG_WARN_UNGUARDED_AVAILABILITY = YES_AGGRESSIVE;
				CLANG_WARN_UNREACHABLE_CODE = YES;
				CLANG_WARN__DUPLICATE_METHOD_MATCH = YES;
				COPY_PHASE_STRIP = NO;
				DEBUG_INFORMATION_FORMAT = dwarf;
				ENABLE_STRICT_OBJC_MSGSEND = YES;
				ENABLE_TESTABILITY = YES;
				GCC_C_LANGUAGE_STANDARD = gnu11;
				GCC_DYNAMIC_NO_PIC = NO;
				GCC_NO_COMMON_BLOCKS = YES;
				GCC_OPTIMIZATION_LEVEL = 0;
				GCC_PREPROCESSOR_DEFINITIONS = (
					"DEBUG=1",
					"$(inherited)",
				);
				GCC_WARN_64_TO_32_BIT_CONVERSION = YES;
				GCC_WARN_ABOUT_RETURN_TYPE = YES_ERROR;
				GCC_WARN_UNDECLARED_SELECTOR = YES;
				GCC_WARN_UNINITIALIZED_AUTOS = YES_AGGRESSIVE;
				GCC_WARN_UNUSED_FUNCTION = YES;
				GCC_WARN_UNUSED_VARIABLE = YES;
				IPHONEOS_DEPLOYMENT_TARGET = 16.4;
				MTL_ENABLE_DEBUG_INFO = INCLUDE_SOURCE;
				MTL_FAST_MATH = YES;
				ONLY_ACTIVE_ARCH = YES;
				SDKROOT = iphoneos;
				SWIFT_ACTIVE_COMPILATION_CONDITIONS = DEBUG;
				SWIFT_OPTIMIZATION_LEVEL = "-Onone";
			};
			name = Debug;
		};
		557B969D2A59D9CD0032FDFD /* Release */ = {
			isa = XCBuildConfiguration;
			buildSettings = {
				ALWAYS_SEARCH_USER_PATHS = NO;
				CLANG_ANALYZER_NONNULL = YES;
				CLANG_ANALYZER_NUMBER_OBJECT_CONVERSION = YES_AGGRESSIVE;
				CLANG_CXX_LANGUAGE_STANDARD = "gnu++20";
				CLANG_ENABLE_MODULES = YES;
				CLANG_ENABLE_OBJC_ARC = YES;
				CLANG_ENABLE_OBJC_WEAK = YES;
				CLANG_WARN_BLOCK_CAPTURE_AUTORELEASING = YES;
				CLANG_WARN_BOOL_CONVERSION = YES;
				CLANG_WARN_COMMA = YES;
				CLANG_WARN_CONSTANT_CONVERSION = YES;
				CLANG_WARN_DEPRECATED_OBJC_IMPLEMENTATIONS = YES;
				CLANG_WARN_DIRECT_OBJC_ISA_USAGE = YES_ERROR;
				CLANG_WARN_DOCUMENTATION_COMMENTS = YES;
				CLANG_WARN_EMPTY_BODY = YES;
				CLANG_WARN_ENUM_CONVERSION = YES;
				CLANG_WARN_INFINITE_RECURSION = YES;
				CLANG_WARN_INT_CONVERSION = YES;
				CLANG_WARN_NON_LITERAL_NULL_CONVERSION = YES;
				CLANG_WARN_OBJC_IMPLICIT_RETAIN_SELF = YES;
				CLANG_WARN_OBJC_LITERAL_CONVERSION = YES;
				CLANG_WARN_OBJC_ROOT_CLASS = YES_ERROR;
				CLANG_WARN_QUOTED_INCLUDE_IN_FRAMEWORK_HEADER = YES;
				CLANG_WARN_RANGE_LOOP_ANALYSIS = YES;
				CLANG_WARN_STRICT_PROTOTYPES = YES;
				CLANG_WARN_SUSPICIOUS_MOVE = YES;
				CLANG_WARN_UNGUARDED_AVAILABILITY = YES_AGGRESSIVE;
				CLANG_WARN_UNREACHABLE_CODE = YES;
				CLANG_WARN__DUPLICATE_METHOD_MATCH = YES;
				COPY_PHASE_STRIP = NO;
				DEBUG_INFORMATION_FORMAT = "dwarf-with-dsym";
				ENABLE_NS_ASSERTIONS = NO;
				ENABLE_STRICT_OBJC_MSGSEND = YES;
				GCC_C_LANGUAGE_STANDARD = gnu11;
				GCC_NO_COMMON_BLOCKS = YES;
				GCC_WARN_64_TO_32_BIT_CONVERSION = YES;
				GCC_WARN_ABOUT_RETURN_TYPE = YES_ERROR;
				GCC_WARN_UNDECLARED_SELECTOR = YES;
				GCC_WARN_UNINITIALIZED_AUTOS = YES_AGGRESSIVE;
				GCC_WARN_UNUSED_FUNCTION = YES;
				GCC_WARN_UNUSED_VARIABLE = YES;
				IPHONEOS_DEPLOYMENT_TARGET = 16.4;
				MTL_ENABLE_DEBUG_INFO = NO;
				MTL_FAST_MATH = YES;
				SDKROOT = iphoneos;
				SWIFT_COMPILATION_MODE = wholemodule;
				SWIFT_OPTIMIZATION_LEVEL = "-O";
				VALIDATE_PRODUCT = YES;
			};
			name = Release;
		};
		557B969F2A59D9CD0032FDFD /* Debug */ = {
			isa = XCBuildConfiguration;
			buildSettings = {
				ALWAYS_EMBED_SWIFT_STANDARD_LIBRARIES = YES;
				ASSETCATALOG_COMPILER_APPICON_NAME = AppIcon;
				ASSETCATALOG_COMPILER_GLOBAL_ACCENT_COLOR_NAME = AccentColor;
				CODE_SIGN_ENTITLEMENTS = "GP App/GP App.entitlements";
				CODE_SIGN_STYLE = Automatic;
				CURRENT_PROJECT_VERSION = 22;
				DEVELOPMENT_TEAM = KMS556J2F8;
				GENERATE_INFOPLIST_FILE = YES;
				INFOPLIST_FILE = "GP App/Info.plist";
				INFOPLIST_KEY_CFBundleDisplayName = GP;
				INFOPLIST_KEY_LSApplicationCategoryType = "public.app-category.photography";
				INFOPLIST_KEY_NSLocationWhenInUseUsageDescription = "Your location is used for targeting push notifications to different timezones. Only the country is viewable for GP.";
				INFOPLIST_KEY_UIApplicationSupportsIndirectInputEvents = YES;
				INFOPLIST_KEY_UILaunchStoryboardName = LaunchScreen;
				INFOPLIST_KEY_UIMainStoryboardFile = Main;
				INFOPLIST_KEY_UIRequiresFullScreen = YES;
				INFOPLIST_KEY_UISupportedInterfaceOrientations = "UIInterfaceOrientationPortrait UIInterfaceOrientationPortraitUpsideDown";
				IPHONEOS_DEPLOYMENT_TARGET = 15.0;
				LD_RUNPATH_SEARCH_PATHS = (
					"$(inherited)",
					"@executable_path/Frameworks",
				);
				MARKETING_VERSION = 1.4.3;
				PRODUCT_BUNDLE_IDENTIFIER = "be.ghentphotography.www.GP-App";
				PRODUCT_NAME = "$(TARGET_NAME)";
				SWIFT_EMIT_LOC_STRINGS = YES;
				SWIFT_VERSION = 5.0;
				TARGETED_DEVICE_FAMILY = "1,2";
			};
			name = Debug;
		};
		557B96A02A59D9CD0032FDFD /* Release */ = {
			isa = XCBuildConfiguration;
			buildSettings = {
				ALWAYS_EMBED_SWIFT_STANDARD_LIBRARIES = YES;
				ASSETCATALOG_COMPILER_APPICON_NAME = AppIcon;
				ASSETCATALOG_COMPILER_GLOBAL_ACCENT_COLOR_NAME = AccentColor;
				CODE_SIGN_ENTITLEMENTS = "GP App/GP App.entitlements";
				CODE_SIGN_STYLE = Automatic;
				CURRENT_PROJECT_VERSION = 22;
				DEVELOPMENT_TEAM = KMS556J2F8;
				GENERATE_INFOPLIST_FILE = YES;
				INFOPLIST_FILE = "GP App/Info.plist";
				INFOPLIST_KEY_CFBundleDisplayName = GP;
				INFOPLIST_KEY_LSApplicationCategoryType = "public.app-category.photography";
				INFOPLIST_KEY_NSLocationWhenInUseUsageDescription = "Your location is used for targeting push notifications to different timezones. Only the country is viewable for GP.";
				INFOPLIST_KEY_UIApplicationSupportsIndirectInputEvents = YES;
				INFOPLIST_KEY_UILaunchStoryboardName = LaunchScreen;
				INFOPLIST_KEY_UIMainStoryboardFile = Main;
				INFOPLIST_KEY_UIRequiresFullScreen = YES;
				INFOPLIST_KEY_UISupportedInterfaceOrientations = "UIInterfaceOrientationPortrait UIInterfaceOrientationPortraitUpsideDown";
				IPHONEOS_DEPLOYMENT_TARGET = 15.0;
				LD_RUNPATH_SEARCH_PATHS = (
					"$(inherited)",
					"@executable_path/Frameworks",
				);
				MARKETING_VERSION = 1.4.3;
				PRODUCT_BUNDLE_IDENTIFIER = "be.ghentphotography.www.GP-App";
				PRODUCT_NAME = "$(TARGET_NAME)";
				SWIFT_EMIT_LOC_STRINGS = YES;
				SWIFT_VERSION = 5.0;
				TARGETED_DEVICE_FAMILY = "1,2";
			};
			name = Release;
		};
		557B96A22A59D9CD0032FDFD /* Debug */ = {
			isa = XCBuildConfiguration;
			buildSettings = {
				ALWAYS_EMBED_SWIFT_STANDARD_LIBRARIES = YES;
				BUNDLE_LOADER = "$(TEST_HOST)";
				CODE_SIGN_STYLE = Automatic;
				CURRENT_PROJECT_VERSION = 1;
				DEVELOPMENT_TEAM = KMS556J2F8;
				GENERATE_INFOPLIST_FILE = YES;
				IPHONEOS_DEPLOYMENT_TARGET = 16.4;
				MARKETING_VERSION = 1.0;
				PRODUCT_BUNDLE_IDENTIFIER = "be.ghentphotography.www.GP-AppTests";
				PRODUCT_NAME = "$(TARGET_NAME)";
				SWIFT_EMIT_LOC_STRINGS = NO;
				SWIFT_VERSION = 5.0;
				TARGETED_DEVICE_FAMILY = "1,2";
				TEST_HOST = "$(BUILT_PRODUCTS_DIR)/GP App.app/$(BUNDLE_EXECUTABLE_FOLDER_PATH)/GP App";
			};
			name = Debug;
		};
		557B96A32A59D9CD0032FDFD /* Release */ = {
			isa = XCBuildConfiguration;
			buildSettings = {
				ALWAYS_EMBED_SWIFT_STANDARD_LIBRARIES = YES;
				BUNDLE_LOADER = "$(TEST_HOST)";
				CODE_SIGN_STYLE = Automatic;
				CURRENT_PROJECT_VERSION = 1;
				DEVELOPMENT_TEAM = KMS556J2F8;
				GENERATE_INFOPLIST_FILE = YES;
				IPHONEOS_DEPLOYMENT_TARGET = 16.4;
				MARKETING_VERSION = 1.0;
				PRODUCT_BUNDLE_IDENTIFIER = "be.ghentphotography.www.GP-AppTests";
				PRODUCT_NAME = "$(TARGET_NAME)";
				SWIFT_EMIT_LOC_STRINGS = NO;
				SWIFT_VERSION = 5.0;
				TARGETED_DEVICE_FAMILY = "1,2";
				TEST_HOST = "$(BUILT_PRODUCTS_DIR)/GP App.app/$(BUNDLE_EXECUTABLE_FOLDER_PATH)/GP App";
			};
			name = Release;
		};
		557B96A52A59D9CD0032FDFD /* Debug */ = {
			isa = XCBuildConfiguration;
			buildSettings = {
				ALWAYS_EMBED_SWIFT_STANDARD_LIBRARIES = YES;
				CODE_SIGN_STYLE = Automatic;
				CURRENT_PROJECT_VERSION = 1;
				DEVELOPMENT_TEAM = KMS556J2F8;
				GENERATE_INFOPLIST_FILE = YES;
				MARKETING_VERSION = 1.0;
				PRODUCT_BUNDLE_IDENTIFIER = "be.ghentphotography.www.GP-AppUITests";
				PRODUCT_NAME = "$(TARGET_NAME)";
				SWIFT_EMIT_LOC_STRINGS = NO;
				SWIFT_VERSION = 5.0;
				TARGETED_DEVICE_FAMILY = "1,2";
				TEST_TARGET_NAME = "GP App";
			};
			name = Debug;
		};
		557B96A62A59D9CD0032FDFD /* Release */ = {
			isa = XCBuildConfiguration;
			buildSettings = {
				ALWAYS_EMBED_SWIFT_STANDARD_LIBRARIES = YES;
				CODE_SIGN_STYLE = Automatic;
				CURRENT_PROJECT_VERSION = 1;
				DEVELOPMENT_TEAM = KMS556J2F8;
				GENERATE_INFOPLIST_FILE = YES;
				MARKETING_VERSION = 1.0;
				PRODUCT_BUNDLE_IDENTIFIER = "be.ghentphotography.www.GP-AppUITests";
				PRODUCT_NAME = "$(TARGET_NAME)";
				SWIFT_EMIT_LOC_STRINGS = NO;
				SWIFT_VERSION = 5.0;
				TARGETED_DEVICE_FAMILY = "1,2";
				TEST_TARGET_NAME = "GP App";
			};
			name = Release;
		};
/* End XCBuildConfiguration section */

/* Begin XCConfigurationList section */
		5501C38E2A68C57B009B86F6 /* Build configuration list for PBXNativeTarget "OneSignalNotificationServiceExtension" */ = {
			isa = XCConfigurationList;
			buildConfigurations = (
				5501C38F2A68C57B009B86F6 /* Debug */,
				5501C3902A68C57B009B86F6 /* Release */,
			);
			defaultConfigurationIsVisible = 0;
			defaultConfigurationName = Release;
		};
		557B966F2A59D9CC0032FDFD /* Build configuration list for PBXProject "GP App" */ = {
			isa = XCConfigurationList;
			buildConfigurations = (
				557B969C2A59D9CD0032FDFD /* Debug */,
				557B969D2A59D9CD0032FDFD /* Release */,
			);
			defaultConfigurationIsVisible = 0;
			defaultConfigurationName = Release;
		};
		557B969E2A59D9CD0032FDFD /* Build configuration list for PBXNativeTarget "GP App" */ = {
			isa = XCConfigurationList;
			buildConfigurations = (
				557B969F2A59D9CD0032FDFD /* Debug */,
				557B96A02A59D9CD0032FDFD /* Release */,
			);
			defaultConfigurationIsVisible = 0;
			defaultConfigurationName = Release;
		};
		557B96A12A59D9CD0032FDFD /* Build configuration list for PBXNativeTarget "GP AppTests" */ = {
			isa = XCConfigurationList;
			buildConfigurations = (
				557B96A22A59D9CD0032FDFD /* Debug */,
				557B96A32A59D9CD0032FDFD /* Release */,
			);
			defaultConfigurationIsVisible = 0;
			defaultConfigurationName = Release;
		};
		557B96A42A59D9CD0032FDFD /* Build configuration list for PBXNativeTarget "GP AppUITests" */ = {
			isa = XCConfigurationList;
			buildConfigurations = (
				557B96A52A59D9CD0032FDFD /* Debug */,
				557B96A62A59D9CD0032FDFD /* Release */,
			);
			defaultConfigurationIsVisible = 0;
			defaultConfigurationName = Release;
		};
/* End XCConfigurationList section */

/* Begin XCRemoteSwiftPackageReference section */
		5501C3922A68C5E5009B86F6 /* XCRemoteSwiftPackageReference "OneSignal-XCFramework" */ = {
			isa = XCRemoteSwiftPackageReference;
			repositoryURL = "https://github.com/OneSignal/OneSignal-XCFramework";
			requirement = {
				kind = upToNextMajorVersion;
				minimumVersion = 3.0.0;
			};
		};
/* End XCRemoteSwiftPackageReference section */

/* Begin XCSwiftPackageProductDependency section */
		5501C3932A68C5E5009B86F6 /* OneSignal */ = {
			isa = XCSwiftPackageProductDependency;
			package = 5501C3922A68C5E5009B86F6 /* XCRemoteSwiftPackageReference "OneSignal-XCFramework" */;
			productName = OneSignal;
		};
		5501C3952A68C5E5009B86F6 /* OneSignalExtension */ = {
			isa = XCSwiftPackageProductDependency;
			package = 5501C3922A68C5E5009B86F6 /* XCRemoteSwiftPackageReference "OneSignal-XCFramework" */;
			productName = OneSignalExtension;
		};
		5501C3982A68C5F6009B86F6 /* OneSignal */ = {
			isa = XCSwiftPackageProductDependency;
			package = 5501C3922A68C5E5009B86F6 /* XCRemoteSwiftPackageReference "OneSignal-XCFramework" */;
			productName = OneSignal;
		};
/* End XCSwiftPackageProductDependency section */
	};
	rootObject = 557B966C2A59D9CC0032FDFD /* Project object */;
}
