// !$*UTF8*$!
{
	archiveVersion = 1;
	classes = {
	};
	objectVersion = 56;
	objects = {

/* Begin PBXBuildFile section */
		557B96782A59D9CC0032FDFD /* AppDelegate.swift in Sources */ = {isa = PBXBuildFile; fileRef = 557B96772A59D9CC0032FDFD /* AppDelegate.swift */; };
		557B967A2A59D9CC0032FDFD /* SceneDelegate.swift in Sources */ = {isa = PBXBuildFile; fileRef = 557B96792A59D9CC0032FDFD /* SceneDelegate.swift */; };
		557B967C2A59D9CC0032FDFD /* ViewController.swift in Sources */ = {isa = PBXBuildFile; fileRef = 557B967B2A59D9CC0032FDFD /* ViewController.swift */; };
		557B967F2A59D9CC0032FDFD /* Main.storyboard in Resources */ = {isa = PBXBuildFile; fileRef = 557B967D2A59D9CC0032FDFD /* Main.storyboard */; };
		557B96812A59D9CD0032FDFD /* Assets.xcassets in Resources */ = {isa = PBXBuildFile; fileRef = 557B96802A59D9CD0032FDFD /* Assets.xcassets */; };
		557B96842A59D9CD0032FDFD /* LaunchScreen.storyboard in Resources */ = {isa = PBXBuildFile; fileRef = 557B96822A59D9CD0032FDFD /* LaunchScreen.storyboard */; };
		557B968F2A59D9CD0032FDFD /* GP_AppTests.swift in Sources */ = {isa = PBXBuildFile; fileRef = 557B968E2A59D9CD0032FDFD /* GP_AppTests.swift */; };
		557B96992A59D9CD0032FDFD /* GP_AppUITests.swift in Sources */ = {isa = PBXBuildFile; fileRef = 557B96982A59D9CD0032FDFD /* GP_AppUITests.swift */; };
		557B969B2A59D9CD0032FDFD /* GP_AppUITestsLaunchTests.swift in Sources */ = {isa = PBXBuildFile; fileRef = 557B969A2A59D9CD0032FDFD /* GP_AppUITestsLaunchTests.swift */; };
/* End PBXBuildFile section */

/* Begin PBXContainerItemProxy section */
		557B968B2A59D9CD0032FDFD /* PBXContainerItemProxy */ = {
			isa = PBXContainerItemProxy;
			containerPortal = 557B966C2A59D9CC0032FDFD /* Project object */;
			proxyType = 1;
			remoteGlobalIDString = 557B96732A59D9CC0032FDFD;
			remoteInfo = "GP App";
		};
		557B96952A59D9CD0032FDFD /* PBXContainerItemProxy */ = {
			isa = PBXContainerItemProxy;
			containerPortal = 557B966C2A59D9CC0032FDFD /* Project object */;
			proxyType = 1;
			remoteGlobalIDString = 557B96732A59D9CC0032FDFD;
			remoteInfo = "GP App";
		};
/* End PBXContainerItemProxy section */

/* Begin PBXFileReference section */
		557B96742A59D9CC0032FDFD /* GP App.app */ = {isa = PBXFileReference; explicitFileType = wrapper.application; includeInIndex = 0; path = "GP App.app"; sourceTree = BUILT_PRODUCTS_DIR; };
		557B96772A59D9CC0032FDFD /* AppDelegate.swift */ = {isa = PBXFileReference; lastKnownFileType = sourcecode.swift; path = AppDelegate.swift; sourceTree = "<group>"; };
		557B96792A59D9CC0032FDFD /* SceneDelegate.swift */ = {isa = PBXFileReference; lastKnownFileType = sourcecode.swift; path = SceneDelegate.swift; sourceTree = "<group>"; };
		557B967B2A59D9CC0032FDFD /* ViewController.swift */ = {isa = PBXFileReference; lastKnownFileType = sourcecode.swift; path = ViewController.swift; sourceTree = "<group>"; };
		557B967E2A59D9CC0032FDFD /* Base */ = {isa = PBXFileReference; lastKnownFileType = file.storyboard; name = Base; path = Base.lproj/Main.storyboard; sourceTree = "<group>"; };
		557B96802A59D9CD0032FDFD /* Assets.xcassets */ = {isa = PBXFileReference; lastKnownFileType = folder.assetcatalog; path = Assets.xcassets; sourceTree = "<group>"; };
		557B96832A59D9CD0032FDFD /* Base */ = {isa = PBXFileReference; lastKnownFileType = file.storyboard; name = Base; path = Base.lproj/LaunchScreen.storyboard; sourceTree = "<group>"; };
		557B96852A59D9CD0032FDFD /* Info.plist */ = {isa = PBXFileReference; lastKnownFileType = text.plist.xml; path = Info.plist; sourceTree = "<group>"; };
		557B968A2A59D9CD0032FDFD /* GP AppTests.xctest */ = {isa = PBXFileReference; explicitFileType = wrapper.cfbundle; includeInIndex = 0; path = "GP AppTests.xctest"; sourceTree = BUILT_PRODUCTS_DIR; };
		557B968E2A59D9CD0032FDFD /* GP_AppTests.swift */ = {isa = PBXFileReference; lastKnownFileType = sourcecode.swift; path = GP_AppTests.swift; sourceTree = "<group>"; };
		557B96942A59D9CD0032FDFD /* GP AppUITests.xctest */ = {isa = PBXFileReference; explicitFileType = wrapper.cfbundle; includeInIndex = 0; path = "GP AppUITests.xctest"; sourceTree = BUILT_PRODUCTS_DIR; };
		557B96982A59D9CD0032FDFD /* GP_AppUITests.swift */ = {isa = PBXFileReference; lastKnownFileType = sourcecode.swift; path = GP_AppUITests.swift; sourceTree = "<group>"; };
		557B969A2A59D9CD0032FDFD /* GP_AppUITestsLaunchTests.swift */ = {isa = PBXFileReference; lastKnownFileType = sourcecode.swift; path = GP_AppUITestsLaunchTests.swift; sourceTree = "<group>"; };
/* End PBXFileReference section */

/* Begin PBXFrameworksBuildPhase section */
		557B96712A59D9CC0032FDFD /* Frameworks */ = {
			isa = PBXFrameworksBuildPhase;
			buildActionMask = 2147483647;
			files = (
			);
			runOnlyForDeploymentPostprocessing = 0;
		};
		557B96872A59D9CD0032FDFD /* Frameworks */ = {
			isa = PBXFrameworksBuildPhase;
			buildActionMask = 2147483647;
			files = (
			);
			runOnlyForDeploymentPostprocessing = 0;
		};
		557B96912A59D9CD0032FDFD /* Frameworks */ = {
			isa = PBXFrameworksBuildPhase;
			buildActionMask = 2147483647;
			files = (
			);
			runOnlyForDeploymentPostprocessing = 0;
		};
/* End PBXFrameworksBuildPhase section */

/* Begin PBXGroup section */
		557B966B2A59D9CC0032FDFD = {
			isa = PBXGroup;
			children = (
				557B96762A59D9CC0032FDFD /* GP App */,
				557B968D2A59D9CD0032FDFD /* GP AppTests */,
				557B96972A59D9CD0032FDFD /* GP AppUITests */,
				557B96752A59D9CC0032FDFD /* Products */,
			);
			sourceTree = "<group>";
		};
		557B96752A59D9CC0032FDFD /* Products */ = {
			isa = PBXGroup;
			children = (
				557B96742A59D9CC0032FDFD /* GP App.app */,
				557B968A2A59D9CD0032FDFD /* GP AppTests.xctest */,
				557B96942A59D9CD0032FDFD /* GP AppUITests.xctest */,
			);
			name = Products;
			sourceTree = "<group>";
		};
		557B96762A59D9CC0032FDFD /* GP App */ = {
			isa = PBXGroup;
			children = (
				557B96772A59D9CC0032FDFD /* AppDelegate.swift */,
				557B96792A59D9CC0032FDFD /* SceneDelegate.swift */,
				557B967B2A59D9CC0032FDFD /* ViewController.swift */,
				557B967D2A59D9CC0032FDFD /* Main.storyboard */,
				557B96802A59D9CD0032FDFD /* Assets.xcassets */,
				557B96822A59D9CD0032FDFD /* LaunchScreen.storyboard */,
				557B96852A59D9CD0032FDFD /* Info.plist */,
			);
			path = "GP App";
			sourceTree = "<group>";
		};
		557B968D2A59D9CD0032FDFD /* GP AppTests */ = {
			isa = PBXGroup;
			children = (
				557B968E2A59D9CD0032FDFD /* GP_AppTests.swift */,
			);
			path = "GP AppTests";
			sourceTree = "<group>";
		};
		557B96972A59D9CD0032FDFD /* GP AppUITests */ = {
			isa = PBXGroup;
			children = (
				557B96982A59D9CD0032FDFD /* GP_AppUITests.swift */,
				557B969A2A59D9CD0032FDFD /* GP_AppUITestsLaunchTests.swift */,
			);
			path = "GP AppUITests";
			sourceTree = "<group>";
		};
/* End PBXGroup section */

/* Begin PBXNativeTarget section */
		557B96732A59D9CC0032FDFD /* GP App */ = {
			isa = PBXNativeTarget;
			buildConfigurationList = 557B969E2A59D9CD0032FDFD /* Build configuration list for PBXNativeTarget "GP App" */;
			buildPhases = (
				557B96702A59D9CC0032FDFD /* Sources */,
				557B96712A59D9CC0032FDFD /* Frameworks */,
				557B96722A59D9CC0032FDFD /* Resources */,
			);
			buildRules = (
			);
			dependencies = (
			);
			name = "GP App";
			productName = "GP App";
			productReference = 557B96742A59D9CC0032FDFD /* GP App.app */;
			productType = "com.apple.product-type.application";
		};
		557B96892A59D9CD0032FDFD /* GP AppTests */ = {
			isa = PBXNativeTarget;
			buildConfigurationList = 557B96A12A59D9CD0032FDFD /* Build configuration list for PBXNativeTarget "GP AppTests" */;
			buildPhases = (
				557B96862A59D9CD0032FDFD /* Sources */,
				557B96872A59D9CD0032FDFD /* Frameworks */,
				557B96882A59D9CD0032FDFD /* Resources */,
			);
			buildRules = (
			);
			dependencies = (
				557B968C2A59D9CD0032FDFD /* PBXTargetDependency */,
			);
			name = "GP AppTests";
			productName = "GP AppTests";
			productReference = 557B968A2A59D9CD0032FDFD /* GP AppTests.xctest */;
			productType = "com.apple.product-type.bundle.unit-test";
		};
		557B96932A59D9CD0032FDFD /* GP AppUITests */ = {
			isa = PBXNativeTarget;
			buildConfigurationList = 557B96A42A59D9CD0032FDFD /* Build configuration list for PBXNativeTarget "GP AppUITests" */;
			buildPhases = (
				557B96902A59D9CD0032FDFD /* Sources */,
				557B96912A59D9CD0032FDFD /* Frameworks */,
				557B96922A59D9CD0032FDFD /* Resources */,
			);
			buildRules = (
			);
			dependencies = (
				557B96962A59D9CD0032FDFD /* PBXTargetDependency */,
			);
			name = "GP AppUITests";
			productName = "GP AppUITests";
			productReference = 557B96942A59D9CD0032FDFD /* GP AppUITests.xctest */;
			productType = "com.apple.product-type.bundle.ui-testing";
		};
/* End PBXNativeTarget section */

/* Begin PBXProject section */
		557B966C2A59D9CC0032FDFD /* Project object */ = {
			isa = PBXProject;
			attributes = {
				BuildIndependentTargetsInParallel = 1;
				LastSwiftUpdateCheck = 1430;
				LastUpgradeCheck = 1430;
				TargetAttributes = {
					557B96732A59D9CC0032FDFD = {
						CreatedOnToolsVersion = 14.3.1;
					};
					557B96892A59D9CD0032FDFD = {
						CreatedOnToolsVersion = 14.3.1;
						TestTargetID = 557B96732A59D9CC0032FDFD;
					};
					557B96932A59D9CD0032FDFD = {
						CreatedOnToolsVersion = 14.3.1;
						TestTargetID = 557B96732A59D9CC0032FDFD;
					};
				};
			};
			buildConfigurationList = 557B966F2A59D9CC0032FDFD /* Build configuration list for PBXProject "GP App" */;
			compatibilityVersion = "Xcode 14.0";
			developmentRegion = en;
			hasScannedForEncodings = 0;
			knownRegions = (
				en,
				Base,
			);
			mainGroup = 557B966B2A59D9CC0032FDFD;
			productRefGroup = 557B96752A59D9CC0032FDFD /* Products */;
			projectDirPath = "";
			projectRoot = "";
			targets = (
				557B96732A59D9CC0032FDFD /* GP App */,
				557B96892A59D9CD0032FDFD /* GP AppTests */,
				557B96932A59D9CD0032FDFD /* GP AppUITests */,
			);
		};
/* End PBXProject section */

/* Begin PBXResourcesBuildPhase section */
		557B96722A59D9CC0032FDFD /* Resources */ = {
			isa = PBXResourcesBuildPhase;
			buildActionMask = 2147483647;
			files = (
				557B96842A59D9CD0032FDFD /* LaunchScreen.storyboard in Resources */,
				557B96812A59D9CD0032FDFD /* Assets.xcassets in Resources */,
				557B967F2A59D9CC0032FDFD /* Main.storyboard in Resources */,
			);
			runOnlyForDeploymentPostprocessing = 0;
		};
		557B96882A59D9CD0032FDFD /* Resources */ = {
			isa = PBXResourcesBuildPhase;
			buildActionMask = 2147483647;
			files = (
			);
			runOnlyForDeploymentPostprocessing = 0;
		};
		557B96922A59D9CD0032FDFD /* Resources */ = {
			isa = PBXResourcesBuildPhase;
			buildActionMask = 2147483647;
			files = (
			);
			runOnlyForDeploymentPostprocessing = 0;
		};
/* End PBXResourcesBuildPhase section */

/* Begin PBXSourcesBuildPhase section */
		557B96702A59D9CC0032FDFD /* Sources */ = {
			isa = PBXSourcesBuildPhase;
			buildActionMask = 2147483647;
			files = (
				557B967C2A59D9CC0032FDFD /* ViewController.swift in Sources */,
				557B96782A59D9CC0032FDFD /* AppDelegate.swift in Sources */,
				557B967A2A59D9CC0032FDFD /* SceneDelegate.swift in Sources */,
			);
			runOnlyForDeploymentPostprocessing = 0;
		};
		557B96862A59D9CD0032FDFD /* Sources */ = {
			isa = PBXSourcesBuildPhase;
			buildActionMask = 2147483647;
			files = (
				557B968F2A59D9CD0032FDFD /* GP_AppTests.swift in Sources */,
			);
			runOnlyForDeploymentPostprocessing = 0;
		};
		557B96902A59D9CD0032FDFD /* Sources */ = {
			isa = PBXSourcesBuildPhase;
			buildActionMask = 2147483647;
			files = (
				557B96992A59D9CD0032FDFD /* GP_AppUITests.swift in Sources */,
				557B969B2A59D9CD0032FDFD /* GP_AppUITestsLaunchTests.swift in Sources */,
			);
			runOnlyForDeploymentPostprocessing = 0;
		};
/* End PBXSourcesBuildPhase section */

/* Begin PBXTargetDependency section */
		557B968C2A59D9CD0032FDFD /* PBXTargetDependency */ = {
			isa = PBXTargetDependency;
			target = 557B96732A59D9CC0032FDFD /* GP App */;
			targetProxy = 557B968B2A59D9CD0032FDFD /* PBXContainerItemProxy */;
		};
		557B96962A59D9CD0032FDFD /* PBXTargetDependency */ = {
			isa = PBXTargetDependency;
			target = 557B96732A59D9CC0032FDFD /* GP App */;
			targetProxy = 557B96952A59D9CD0032FDFD /* PBXContainerItemProxy */;
		};
/* End PBXTargetDependency section */

/* Begin PBXVariantGroup section */
		557B967D2A59D9CC0032FDFD /* Main.storyboard */ = {
			isa = PBXVariantGroup;
			children = (
				557B967E2A59D9CC0032FDFD /* Base */,
			);
			name = Main.storyboard;
			sourceTree = "<group>";
		};
		557B96822A59D9CD0032FDFD /* LaunchScreen.storyboard */ = {
			isa = PBXVariantGroup;
			children = (
				557B96832A59D9CD0032FDFD /* Base */,
			);
			name = LaunchScreen.storyboard;
			sourceTree = "<group>";
		};
/* End PBXVariantGroup section */

/* Begin XCBuildConfiguration section */
		557B969C2A59D9CD0032FDFD /* Debug */ = {
			isa = XCBuildConfiguration;
			buildSettings = {
				ALWAYS_SEARCH_USER_PATHS = NO;
				CLANG_ANALYZER_NONNULL = YES;
				CLANG_ANALYZER_NUMBER_OBJECT_CONVERSION = YES_AGGRESSIVE;
				CLANG_CXX_LANGUAGE_STANDARD = "gnu++20";
				CLANG_ENABLE_MODULES = YES;
				CLANG_ENABLE_OBJC_ARC = YES;
				CLANG_ENABLE_OBJC_WEAK = YES;
				CLANG_WARN_BLOCK_CAPTURE_AUTORELEASING = YES;
				CLANG_WARN_BOOL_CONVERSION = YES;
				CLANG_WARN_COMMA = YES;
				CLANG_WARN_CONSTANT_CONVERSION = YES;
				CLANG_WARN_DEPRECATED_OBJC_IMPLEMENTATIONS = YES;
				CLANG_WARN_DIRECT_OBJC_ISA_USAGE = YES_ERROR;
				CLANG_WARN_DOCUMENTATION_COMMENTS = YES;
				CLANG_WARN_EMPTY_BODY = YES;
				CLANG_WARN_ENUM_CONVERSION = YES;
				CLANG_WARN_INFINITE_RECURSION = YES;
				CLANG_WARN_INT_CONVERSION = YES;
				CLANG_WARN_NON_LITERAL_NULL_CONVERSION = YES;
				CLANG_WARN_OBJC_IMPLICIT_RETAIN_SELF = YES;
				CLANG_WARN_OBJC_LITERAL_CONVERSION = YES;
				CLANG_WARN_OBJC_ROOT_CLASS = YES_ERROR;
				CLANG_WARN_QUOTED_INCLUDE_IN_FRAMEWORK_HEADER = YES;
				CLANG_WARN_RANGE_LOOP_ANALYSIS = YES;
				CLANG_WARN_STRICT_PROTOTYPES = YES;
				CLANG_WARN_SUSPICIOUS_MOVE = YES;
				CLANG_WARN_UNGUARDED_AVAILABILITY = YES_AGGRESSIVE;
				CLANG_WARN_UNREACHABLE_CODE = YES;
				CLANG_WARN__DUPLICATE_METHOD_MATCH = YES;
				COPY_PHASE_STRIP = NO;
				DEBUG_INFORMATION_FORMAT = dwarf;
				ENABLE_STRICT_OBJC_MSGSEND = YES;
				ENABLE_TESTABILITY = YES;
				GCC_C_LANGUAGE_STANDARD = gnu11;
				GCC_DYNAMIC_NO_PIC = NO;
				GCC_NO_COMMON_BLOCKS = YES;
				GCC_OPTIMIZATION_LEVEL = 0;
				GCC_PREPROCESSOR_DEFINITIONS = (
					"DEBUG=1",
					"$(inherited)",
				);
				GCC_WARN_64_TO_32_BIT_CONVERSION = YES;
				GCC_WARN_ABOUT_RETURN_TYPE = YES_ERROR;
				GCC_WARN_UNDECLARED_SELECTOR = YES;
				GCC_WARN_UNINITIALIZED_AUTOS = YES_AGGRESSIVE;
				GCC_WARN_UNUSED_FUNCTION = YES;
				GCC_WARN_UNUSED_VARIABLE = YES;
				IPHONEOS_DEPLOYMENT_TARGET = 16.4;
				MTL_ENABLE_DEBUG_INFO = INCLUDE_SOURCE;
				MTL_FAST_MATH = YES;
				ONLY_ACTIVE_ARCH = YES;
				SDKROOT = iphoneos;
				SWIFT_ACTIVE_COMPILATION_CONDITIONS = DEBUG;
				SWIFT_OPTIMIZATION_LEVEL = "-Onone";
			};
			name = Debug;
		};
		557B969D2A59D9CD0032FDFD /* Release */ = {
			isa = XCBuildConfiguration;
			buildSettings = {
				ALWAYS_SEARCH_USER_PATHS = NO;
				CLANG_ANALYZER_NONNULL = YES;
				CLANG_ANALYZER_NUMBER_OBJECT_CONVERSION = YES_AGGRESSIVE;
				CLANG_CXX_LANGUAGE_STANDARD = "gnu++20";
				CLANG_ENABLE_MODULES = YES;
				CLANG_ENABLE_OBJC_ARC = YES;
				CLANG_ENABLE_OBJC_WEAK = YES;
				CLANG_WARN_BLOCK_CAPTURE_AUTORELEASING = YES;
				CLANG_WARN_BOOL_CONVERSION = YES;
				CLANG_WARN_COMMA = YES;
				CLANG_WARN_CONSTANT_CONVERSION = YES;
				CLANG_WARN_DEPRECATED_OBJC_IMPLEMENTATIONS = YES;
				CLANG_WARN_DIRECT_OBJC_ISA_USAGE = YES_ERROR;
				CLANG_WARN_DOCUMENTATION_COMMENTS = YES;
				CLANG_WARN_EMPTY_BODY = YES;
				CLANG_WARN_ENUM_CONVERSION = YES;
				CLANG_WARN_INFINITE_RECURSION = YES;
				CLANG_WARN_INT_CONVERSION = YES;
				CLANG_WARN_NON_LITERAL_NULL_CONVERSION = YES;
				CLANG_WARN_OBJC_IMPLICIT_RETAIN_SELF = YES;
				CLANG_WARN_OBJC_LITERAL_CONVERSION = YES;
				CLANG_WARN_OBJC_ROOT_CLASS = YES_ERROR;
				CLANG_WARN_QUOTED_INCLUDE_IN_FRAMEWORK_HEADER = YES;
				CLANG_WARN_RANGE_LOOP_ANALYSIS = YES;
				CLANG_WARN_STRICT_PROTOTYPES = YES;
				CLANG_WARN_SUSPICIOUS_MOVE = YES;
				CLANG_WARN_UNGUARDED_AVAILABILITY = YES_AGGRESSIVE;
				CLANG_WARN_UNREACHABLE_CODE = YES;
				CLANG_WARN__DUPLICATE_METHOD_MATCH = YES;
				COPY_PHASE_STRIP = NO;
				DEBUG_INFORMATION_FORMAT = "dwarf-with-dsym";
				ENABLE_NS_ASSERTIONS = NO;
				ENABLE_STRICT_OBJC_MSGSEND = YES;
				GCC_C_LANGUAGE_STANDARD = gnu11;
				GCC_NO_COMMON_BLOCKS = YES;
				GCC_WARN_64_TO_32_BIT_CONVERSION = YES;
				GCC_WARN_ABOUT_RETURN_TYPE = YES_ERROR;
				GCC_WARN_UNDECLARED_SELECTOR = YES;
				GCC_WARN_UNINITIALIZED_AUTOS = YES_AGGRESSIVE;
				GCC_WARN_UNUSED_FUNCTION = YES;
				GCC_WARN_UNUSED_VARIABLE = YES;
				IPHONEOS_DEPLOYMENT_TARGET = 16.4;
				MTL_ENABLE_DEBUG_INFO = NO;
				MTL_FAST_MATH = YES;
				SDKROOT = iphoneos;
				SWIFT_COMPILATION_MODE = wholemodule;
				SWIFT_OPTIMIZATION_LEVEL = "-O";
				VALIDATE_PRODUCT = YES;
			};
			name = Release;
		};
		557B969F2A59D9CD0032FDFD /* Debug */ = {
			isa = XCBuildConfiguration;
			buildSettings = {
				ASSETCATALOG_COMPILER_APPICON_NAME = AppIcon;
				ASSETCATALOG_COMPILER_GLOBAL_ACCENT_COLOR_NAME = AccentColor;
				CODE_SIGN_STYLE = Automatic;
				CURRENT_PROJECT_VERSION = 1;
				DEVELOPMENT_TEAM = KMS556J2F8;
				GENERATE_INFOPLIST_FILE = YES;
				INFOPLIST_FILE = "GP App/Info.plist";
				INFOPLIST_KEY_UIApplicationSupportsIndirectInputEvents = YES;
				INFOPLIST_KEY_UILaunchStoryboardName = LaunchScreen;
				INFOPLIST_KEY_UIMainStoryboardFile = Main;
				INFOPLIST_KEY_UISupportedInterfaceOrientations_iPad = "UIInterfaceOrientationPortrait UIInterfaceOrientationPortraitUpsideDown UIInterfaceOrientationLandscapeLeft UIInterfaceOrientationLandscapeRight";
				INFOPLIST_KEY_UISupportedInterfaceOrientations_iPhone = "UIInterfaceOrientationPortrait UIInterfaceOrientationLandscapeLeft UIInterfaceOrientationLandscapeRight";
				LD_RUNPATH_SEARCH_PATHS = (
					"$(inherited)",
					"@executable_path/Frameworks",
				);
				MARKETING_VERSION = 1.0;
				PRODUCT_BUNDLE_IDENTIFIER = "be.ghentphotography.www.GP-App";
				PRODUCT_NAME = "$(TARGET_NAME)";
				SWIFT_EMIT_LOC_STRINGS = YES;
				SWIFT_VERSION = 5.0;
				TARGETED_DEVICE_FAMILY = "1,2";
			};
			name = Debug;
		};
		557B96A02A59D9CD0032FDFD /* Release */ = {
			isa = XCBuildConfiguration;
			buildSettings = {
				ASSETCATALOG_COMPILER_APPICON_NAME = AppIcon;
				ASSETCATALOG_COMPILER_GLOBAL_ACCENT_COLOR_NAME = AccentColor;
				CODE_SIGN_STYLE = Automatic;
				CURRENT_PROJECT_VERSION = 1;
				DEVELOPMENT_TEAM = KMS556J2F8;
				GENERATE_INFOPLIST_FILE = YES;
				INFOPLIST_FILE = "GP App/Info.plist";
				INFOPLIST_KEY_UIApplicationSupportsIndirectInputEvents = YES;
				INFOPLIST_KEY_UILaunchStoryboardName = LaunchScreen;
				INFOPLIST_KEY_UIMainStoryboardFile = Main;
				INFOPLIST_KEY_UISupportedInterfaceOrientations_iPad = "UIInterfaceOrientationPortrait UIInterfaceOrientationPortraitUpsideDown UIInterfaceOrientationLandscapeLeft UIInterfaceOrientationLandscapeRight";
				INFOPLIST_KEY_UISupportedInterfaceOrientations_iPhone = "UIInterfaceOrientationPortrait UIInterfaceOrientationLandscapeLeft UIInterfaceOrientationLandscapeRight";
				LD_RUNPATH_SEARCH_PATHS = (
					"$(inherited)",
					"@executable_path/Frameworks",
				);
				MARKETING_VERSION = 1.0;
				PRODUCT_BUNDLE_IDENTIFIER = "be.ghentphotography.www.GP-App";
				PRODUCT_NAME = "$(TARGET_NAME)";
				SWIFT_EMIT_LOC_STRINGS = YES;
				SWIFT_VERSION = 5.0;
				TARGETED_DEVICE_FAMILY = "1,2";
			};
			name = Release;
		};
		557B96A22A59D9CD0032FDFD /* Debug */ = {
			isa = XCBuildConfiguration;
			buildSettings = {
				ALWAYS_EMBED_SWIFT_STANDARD_LIBRARIES = YES;
				BUNDLE_LOADER = "$(TEST_HOST)";
				CODE_SIGN_STYLE = Automatic;
				CURRENT_PROJECT_VERSION = 1;
				DEVELOPMENT_TEAM = KMS556J2F8;
				GENERATE_INFOPLIST_FILE = YES;
				IPHONEOS_DEPLOYMENT_TARGET = 16.4;
				MARKETING_VERSION = 1.0;
				PRODUCT_BUNDLE_IDENTIFIER = "be.ghentphotography.www.GP-AppTests";
				PRODUCT_NAME = "$(TARGET_NAME)";
				SWIFT_EMIT_LOC_STRINGS = NO;
				SWIFT_VERSION = 5.0;
				TARGETED_DEVICE_FAMILY = "1,2";
				TEST_HOST = "$(BUILT_PRODUCTS_DIR)/GP App.app/$(BUNDLE_EXECUTABLE_FOLDER_PATH)/GP App";
			};
			name = Debug;
		};
		557B96A32A59D9CD0032FDFD /* Release */ = {
			isa = XCBuildConfiguration;
			buildSettings = {
				ALWAYS_EMBED_SWIFT_STANDARD_LIBRARIES = YES;
				BUNDLE_LOADER = "$(TEST_HOST)";
				CODE_SIGN_STYLE = Automatic;
				CURRENT_PROJECT_VERSION = 1;
				DEVELOPMENT_TEAM = KMS556J2F8;
				GENERATE_INFOPLIST_FILE = YES;
				IPHONEOS_DEPLOYMENT_TARGET = 16.4;
				MARKETING_VERSION = 1.0;
				PRODUCT_BUNDLE_IDENTIFIER = "be.ghentphotography.www.GP-AppTests";
				PRODUCT_NAME = "$(TARGET_NAME)";
				SWIFT_EMIT_LOC_STRINGS = NO;
				SWIFT_VERSION = 5.0;
				TARGETED_DEVICE_FAMILY = "1,2";
				TEST_HOST = "$(BUILT_PRODUCTS_DIR)/GP App.app/$(BUNDLE_EXECUTABLE_FOLDER_PATH)/GP App";
			};
			name = Release;
		};
		557B96A52A59D9CD0032FDFD /* Debug */ = {
			isa = XCBuildConfiguration;
			buildSettings = {
				ALWAYS_EMBED_SWIFT_STANDARD_LIBRARIES = YES;
				CODE_SIGN_STYLE = Automatic;
				CURRENT_PROJECT_VERSION = 1;
				DEVELOPMENT_TEAM = KMS556J2F8;
				GENERATE_INFOPLIST_FILE = YES;
				MARKETING_VERSION = 1.0;
				PRODUCT_BUNDLE_IDENTIFIER = "be.ghentphotography.www.GP-AppUITests";
				PRODUCT_NAME = "$(TARGET_NAME)";
				SWIFT_EMIT_LOC_STRINGS = NO;
				SWIFT_VERSION = 5.0;
				TARGETED_DEVICE_FAMILY = "1,2";
				TEST_TARGET_NAME = "GP App";
			};
			name = Debug;
		};
		557B96A62A59D9CD0032FDFD /* Release */ = {
			isa = XCBuildConfiguration;
			buildSettings = {
				ALWAYS_EMBED_SWIFT_STANDARD_LIBRARIES = YES;
				CODE_SIGN_STYLE = Automatic;
				CURRENT_PROJECT_VERSION = 1;
				DEVELOPMENT_TEAM = KMS556J2F8;
				GENERATE_INFOPLIST_FILE = YES;
				MARKETING_VERSION = 1.0;
				PRODUCT_BUNDLE_IDENTIFIER = "be.ghentphotography.www.GP-AppUITests";
				PRODUCT_NAME = "$(TARGET_NAME)";
				SWIFT_EMIT_LOC_STRINGS = NO;
				SWIFT_VERSION = 5.0;
				TARGETED_DEVICE_FAMILY = "1,2";
				TEST_TARGET_NAME = "GP App";
			};
			name = Release;
		};
/* End XCBuildConfiguration section */

/* Begin XCConfigurationList section */
		557B966F2A59D9CC0032FDFD /* Build configuration list for PBXProject "GP App" */ = {
			isa = XCConfigurationList;
			buildConfigurations = (
				557B969C2A59D9CD0032FDFD /* Debug */,
				557B969D2A59D9CD0032FDFD /* Release */,
			);
			defaultConfigurationIsVisible = 0;
			defaultConfigurationName = Release;
		};
		557B969E2A59D9CD0032FDFD /* Build configuration list for PBXNativeTarget "GP App" */ = {
			isa = XCConfigurationList;
			buildConfigurations = (
				557B969F2A59D9CD0032FDFD /* Debug */,
				557B96A02A59D9CD0032FDFD /* Release */,
			);
			defaultConfigurationIsVisible = 0;
			defaultConfigurationName = Release;
		};
		557B96A12A59D9CD0032FDFD /* Build configuration list for PBXNativeTarget "GP AppTests" */ = {
			isa = XCConfigurationList;
			buildConfigurations = (
				557B96A22A59D9CD0032FDFD /* Debug */,
				557B96A32A59D9CD0032FDFD /* Release */,
			);
			defaultConfigurationIsVisible = 0;
			defaultConfigurationName = Release;
		};
		557B96A42A59D9CD0032FDFD /* Build configuration list for PBXNativeTarget "GP AppUITests" */ = {
			isa = XCConfigurationList;
			buildConfigurations = (
				557B96A52A59D9CD0032FDFD /* Debug */,
				557B96A62A59D9CD0032FDFD /* Release */,
			);
			defaultConfigurationIsVisible = 0;
			defaultConfigurationName = Release;
		};
/* End XCConfigurationList section */
	};
	rootObject = 557B966C2A59D9CC0032FDFD /* Project object */;
}
