{
  "originHash" : "fe10aafbaf409842f476e8822e8d586ae13fa97ca251345350315549123c6d78",
  "pins" : [
    {
      "identity" : "onesignal-xcframework",
      "kind" : "remoteSourceControl",
      "location" : "https://github.com/OneSignal/OneSignal-XCFramework",
      "state" : {
        "revision" : "1a726ca00f267ed2d90316e224f2864ffc26c3df",
        "version" : "3.12.9"
      }
    }
  ],
  "version" : 3
}
