{
  "originHash" : "e1775a84a5c763d4f2f8a6bbd1d7951a161866f405f37de159f289f7145d9e51",
  "pins" : [
    {
      "identity" : "facebook-ios-sdk",
      "kind" : "remoteSourceControl",
      "location" : "https://github.com/facebook/facebook-ios-sdk",
      "state" : {
        "revision" : "c19607d535864533523d1f437c84035e5fb101cf",
        "version" : "14.1.0"
      }
    },
    {
      "identity" : "onesignal-xcframework",
      "kind" : "remoteSourceControl",
      "location" : "https://github.com/OneSignal/OneSignal-XCFramework",
      "state" : {
        "revision" : "1a726ca00f267ed2d90316e224f2864ffc26c3df",
        "version" : "3.12.9"
      }
    }
  ],
  "version" : 3
}
